
Microsoft Visual Studio Solution File, Format Version 12.00
# Visual Studio Version 17
VisualStudioVersion = 17.10.35013.160
MinimumVisualStudioVersion = 10.0.40219.1
Project("{FAE04EC0-301F-11D3-BF4B-00C04F79EFBC}") = "OnlineShop", "OnlineShop\OnlineShop.csproj", "{6CCAC081-79CA-4FD9-B417-37003B772B57}"
EndProject
Global
	GlobalSection(SolutionConfigurationPlatforms) = preSolution
		Debug|Any CPU = Debug|Any CPU
		Release|Any CPU = Release|Any CPU
	EndGlobalSection
	GlobalSection(ProjectConfigurationPlatforms) = postSolution
		{6CCAC081-79CA-4FD9-B417-37003B772B57}.Debug|Any CPU.ActiveCfg = Debug|Any CPU
		{6CCAC081-79CA-4FD9-B417-37003B772B57}.Debug|Any CPU.Build.0 = Debug|Any CPU
		{6CCAC081-79CA-4FD9-B417-37003B772B57}.Release|Any CPU.ActiveCfg = Release|Any CPU
		{6CCAC081-79CA-4FD9-B417-37003B772B57}.Release|Any CPU.Build.0 = Release|Any CPU
	EndGlobalSection
	GlobalSection(SolutionProperties) = preSolution
		HideSolutionNode = FALSE
	EndGlobalSection
	GlobalSection(ExtensibilityGlobals) = postSolution
		SolutionGuid = {2EB0B897-4DE1-4D2B-9D62-FB3915C96AF8}
	EndGlobalSection
EndGlobal
